// !$*UTF8*$!
{
	archiveVersion = 1;
	classes = {
	};
	objectVersion = 46;
	objects = {

/* Begin PBXBuildFile section */
		306F5FA01E53AAC000B880A1 /* AppDelegate.swift in Sources */ = {isa = PBXBuildFile; fileRef = 306F5F9F1E53AAC000B880A1 /* AppDelegate.swift */; };
		306F5FA21E53AAC000B880A1 /* ViewController.swift in Sources */ = {isa = PBXBuildFile; fileRef = 306F5FA11E53AAC000B880A1 /* ViewController.swift */; };
		306F5FA51E53AAC000B880A1 /* Main.storyboard in Resources */ = {isa = PBXBuildFile; fileRef = 306F5FA31E53AAC000B880A1 /* Main.storyboard */; };
		306F5FA81E53AAC000B880A1 /* my_hundy_test.xcdatamodeld in Sources */ = {isa = PBXBuildFile; fileRef = 306F5FA61E53AAC000B880A1 /* my_hundy_test.xcdatamodeld */; };
		306F5FAA1E53AAC000B880A1 /* Assets.xcassets in Resources */ = {isa = PBXBuildFile; fileRef = 306F5FA91E53AAC000B880A1 /* Assets.xcassets */; };
		306F5FAD1E53AAC000B880A1 /* LaunchScreen.storyboard in Resources */ = {isa = PBXBuildFile; fileRef = 306F5FAB1E53AAC000B880A1 /* LaunchScreen.storyboard */; };
		30A3D5231E64DC0A00A5B125 /* AsyncButton.swift in Sources */ = {isa = PBXBuildFile; fileRef = 30A3D5051E64DC0A00A5B125 /* AsyncButton.swift */; };
		30A3D5241E64DC0A00A5B125 /* AsyncImageView.swift in Sources */ = {isa = PBXBuildFile; fileRef = 30A3D5061E64DC0A00A5B125 /* AsyncImageView.swift */; };
		30A3D5251E64DC0A00A5B125 /* AutoTextView.swift in Sources */ = {isa = PBXBuildFile; fileRef = 30A3D5071E64DC0A00A5B125 /* AutoTextView.swift */; };
		30A3D5261E64DC0A00A5B125 /* BlurView.swift in Sources */ = {isa = PBXBuildFile; fileRef = 30A3D5081E64DC0A00A5B125 /* BlurView.swift */; };
		30A3D5271E64DC0A00A5B125 /* DesignableButton.swift in Sources */ = {isa = PBXBuildFile; fileRef = 30A3D5091E64DC0A00A5B125 /* DesignableButton.swift */; };
		30A3D5281E64DC0A00A5B125 /* DesignableImageView.swift in Sources */ = {isa = PBXBuildFile; fileRef = 30A3D50A1E64DC0A00A5B125 /* DesignableImageView.swift */; };
		30A3D5291E64DC0A00A5B125 /* DesignableLabel.swift in Sources */ = {isa = PBXBuildFile; fileRef = 30A3D50B1E64DC0A00A5B125 /* DesignableLabel.swift */; };
		30A3D52A1E64DC0A00A5B125 /* DesignableTabBarController.swift in Sources */ = {isa = PBXBuildFile; fileRef = 30A3D50C1E64DC0A00A5B125 /* DesignableTabBarController.swift */; };
		30A3D52B1E64DC0A00A5B125 /* DesignableTextField.swift in Sources */ = {isa = PBXBuildFile; fileRef = 30A3D50D1E64DC0A00A5B125 /* DesignableTextField.swift */; };
		30A3D52C1E64DC0A00A5B125 /* DesignableTextView.swift in Sources */ = {isa = PBXBuildFile; fileRef = 30A3D50E1E64DC0A00A5B125 /* DesignableTextView.swift */; };
		30A3D52D1E64DC0A00A5B125 /* DesignableView.swift in Sources */ = {isa = PBXBuildFile; fileRef = 30A3D50F1E64DC0A00A5B125 /* DesignableView.swift */; };
		30A3D52E1E64DC0A00A5B125 /* ImageLoader.swift in Sources */ = {isa = PBXBuildFile; fileRef = 30A3D5101E64DC0A00A5B125 /* ImageLoader.swift */; };
		30A3D52F1E64DC0A00A5B125 /* Info.plist in Resources */ = {isa = PBXBuildFile; fileRef = 30A3D5111E64DC0A00A5B125 /* Info.plist */; };
		30A3D5301E64DC0A00A5B125 /* KeyboardLayoutConstraint.swift in Sources */ = {isa = PBXBuildFile; fileRef = 30A3D5121E64DC0A00A5B125 /* KeyboardLayoutConstraint.swift */; };
		30A3D5311E64DC0A00A5B125 /* LoadingView.swift in Sources */ = {isa = PBXBuildFile; fileRef = 30A3D5131E64DC0A00A5B125 /* LoadingView.swift */; };
		30A3D5321E64DC0A00A5B125 /* LoadingView.xib in Resources */ = {isa = PBXBuildFile; fileRef = 30A3D5141E64DC0A00A5B125 /* LoadingView.xib */; };
		30A3D5331E64DC0A00A5B125 /* Misc.swift in Sources */ = {isa = PBXBuildFile; fileRef = 30A3D5151E64DC0A00A5B125 /* Misc.swift */; };
		30A3D5341E64DC0A00A5B125 /* SoundPlayer.swift in Sources */ = {isa = PBXBuildFile; fileRef = 30A3D5161E64DC0A00A5B125 /* SoundPlayer.swift */; };
		30A3D5351E64DC0A00A5B125 /* Spring.swift in Sources */ = {isa = PBXBuildFile; fileRef = 30A3D5181E64DC0A00A5B125 /* Spring.swift */; };
		30A3D5361E64DC0A00A5B125 /* SpringAnimation.swift in Sources */ = {isa = PBXBuildFile; fileRef = 30A3D5191E64DC0A00A5B125 /* SpringAnimation.swift */; };
		30A3D5371E64DC0A00A5B125 /* SpringButton.swift in Sources */ = {isa = PBXBuildFile; fileRef = 30A3D51A1E64DC0A00A5B125 /* SpringButton.swift */; };
		30A3D5381E64DC0A00A5B125 /* SpringImageView.swift in Sources */ = {isa = PBXBuildFile; fileRef = 30A3D51B1E64DC0A00A5B125 /* SpringImageView.swift */; };
		30A3D5391E64DC0A00A5B125 /* SpringLabel.swift in Sources */ = {isa = PBXBuildFile; fileRef = 30A3D51C1E64DC0A00A5B125 /* SpringLabel.swift */; };
		30A3D53A1E64DC0A00A5B125 /* SpringTextField.swift in Sources */ = {isa = PBXBuildFile; fileRef = 30A3D51D1E64DC0A00A5B125 /* SpringTextField.swift */; };
		30A3D53B1E64DC0A00A5B125 /* SpringTextView.swift in Sources */ = {isa = PBXBuildFile; fileRef = 30A3D51E1E64DC0A00A5B125 /* SpringTextView.swift */; };
		30A3D53C1E64DC0A00A5B125 /* SpringView.swift in Sources */ = {isa = PBXBuildFile; fileRef = 30A3D51F1E64DC0A00A5B125 /* SpringView.swift */; };
		30A3D53D1E64DC0A00A5B125 /* TransitionManager.swift in Sources */ = {isa = PBXBuildFile; fileRef = 30A3D5201E64DC0A00A5B125 /* TransitionManager.swift */; };
		30A3D53E1E64DC0A00A5B125 /* TransitionZoom.swift in Sources */ = {isa = PBXBuildFile; fileRef = 30A3D5211E64DC0A00A5B125 /* TransitionZoom.swift */; };
		30A3D53F1E64DC0A00A5B125 /* UnwindSegue.swift in Sources */ = {isa = PBXBuildFile; fileRef = 30A3D5221E64DC0A00A5B125 /* UnwindSegue.swift */; };
		30A3D5461E64DE3F00A5B125 /* HVD Fonts - BrandonText-Bold.otf in Resources */ = {isa = PBXBuildFile; fileRef = 30A3D5411E64DE3F00A5B125 /* HVD Fonts - BrandonText-Bold.otf */; };
		30A3D5471E64DE3F00A5B125 /* HVD Fonts - BrandonText-Light.otf in Resources */ = {isa = PBXBuildFile; fileRef = 30A3D5421E64DE3F00A5B125 /* HVD Fonts - BrandonText-Light.otf */; };
		30A3D5481E64DE3F00A5B125 /* HVD Fonts - BrandonText-LightItalic.otf in Resources */ = {isa = PBXBuildFile; fileRef = 30A3D5431E64DE3F00A5B125 /* HVD Fonts - BrandonText-LightItalic.otf */; };
		30A3D5491E64DE3F00A5B125 /* HVD Fonts - BrandonText-Medium.otf in Resources */ = {isa = PBXBuildFile; fileRef = 30A3D5441E64DE3F00A5B125 /* HVD Fonts - BrandonText-Medium.otf */; };
		30A3D54A1E64DE3F00A5B125 /* HVD Fonts - BrandonText-Regular.otf in Resources */ = {isa = PBXBuildFile; fileRef = 30A3D5451E64DE3F00A5B125 /* HVD Fonts - BrandonText-Regular.otf */; };
		30A784851E53BA9300DDA6BE /* 01_onboarding_test_screen01.png in Resources */ = {isa = PBXBuildFile; fileRef = 30A784841E53BA9300DDA6BE /* 01_onboarding_test_screen01.png */; };
		30A784881E53BD5900DDA6BE /* onboarding_icon_01@2x.png in Resources */ = {isa = PBXBuildFile; fileRef = 30A784871E53BD5900DDA6BE /* onboarding_icon_01@2x.png */; };
/* End PBXBuildFile section */

/* Begin PBXFileReference section */
		306F5F9C1E53AAC000B880A1 /* my_hundy_test.app */ = {isa = PBXFileReference; explicitFileType = wrapper.application; includeInIndex = 0; path = my_hundy_test.app; sourceTree = BUILT_PRODUCTS_DIR; };
		306F5F9F1E53AAC000B880A1 /* AppDelegate.swift */ = {isa = PBXFileReference; lastKnownFileType = sourcecode.swift; path = AppDelegate.swift; sourceTree = "<group>"; };
		306F5FA11E53AAC000B880A1 /* ViewController.swift */ = {isa = PBXFileReference; lastKnownFileType = sourcecode.swift; path = ViewController.swift; sourceTree = "<group>"; };
		306F5FA41E53AAC000B880A1 /* Base */ = {isa = PBXFileReference; lastKnownFileType = file.storyboard; name = Base; path = Base.lproj/Main.storyboard; sourceTree = "<group>"; };
		306F5FA71E53AAC000B880A1 /* my_hundy_test.xcdatamodel */ = {isa = PBXFileReference; lastKnownFileType = wrapper.xcdatamodel; path = my_hundy_test.xcdatamodel; sourceTree = "<group>"; };
		306F5FA91E53AAC000B880A1 /* Assets.xcassets */ = {isa = PBXFileReference; lastKnownFileType = folder.assetcatalog; path = Assets.xcassets; sourceTree = "<group>"; };
		306F5FAC1E53AAC000B880A1 /* Base */ = {isa = PBXFileReference; lastKnownFileType = file.storyboard; name = Base; path = Base.lproj/LaunchScreen.storyboard; sourceTree = "<group>"; };
		306F5FAE1E53AAC000B880A1 /* Info.plist */ = {isa = PBXFileReference; lastKnownFileType = text.plist.xml; path = Info.plist; sourceTree = "<group>"; };
		30A3D5051E64DC0A00A5B125 /* AsyncButton.swift */ = {isa = PBXFileReference; fileEncoding = 4; lastKnownFileType = sourcecode.swift; path = AsyncButton.swift; sourceTree = "<group>"; };
		30A3D5061E64DC0A00A5B125 /* AsyncImageView.swift */ = {isa = PBXFileReference; fileEncoding = 4; lastKnownFileType = sourcecode.swift; path = AsyncImageView.swift; sourceTree = "<group>"; };
		30A3D5071E64DC0A00A5B125 /* AutoTextView.swift */ = {isa = PBXFileReference; fileEncoding = 4; lastKnownFileType = sourcecode.swift; path = AutoTextView.swift; sourceTree = "<group>"; };
		30A3D5081E64DC0A00A5B125 /* BlurView.swift */ = {isa = PBXFileReference; fileEncoding = 4; lastKnownFileType = sourcecode.swift; path = BlurView.swift; sourceTree = "<group>"; };
		30A3D5091E64DC0A00A5B125 /* DesignableButton.swift */ = {isa = PBXFileReference; fileEncoding = 4; lastKnownFileType = sourcecode.swift; path = DesignableButton.swift; sourceTree = "<group>"; };
		30A3D50A1E64DC0A00A5B125 /* DesignableImageView.swift */ = {isa = PBXFileReference; fileEncoding = 4; lastKnownFileType = sourcecode.swift; path = DesignableImageView.swift; sourceTree = "<group>"; };
		30A3D50B1E64DC0A00A5B125 /* DesignableLabel.swift */ = {isa = PBXFileReference; fileEncoding = 4; lastKnownFileType = sourcecode.swift; path = DesignableLabel.swift; sourceTree = "<group>"; };
		30A3D50C1E64DC0A00A5B125 /* DesignableTabBarController.swift */ = {isa = PBXFileReference; fileEncoding = 4; lastKnownFileType = sourcecode.swift; path = DesignableTabBarController.swift; sourceTree = "<group>"; };
		30A3D50D1E64DC0A00A5B125 /* DesignableTextField.swift */ = {isa = PBXFileReference; fileEncoding = 4; lastKnownFileType = sourcecode.swift; path = DesignableTextField.swift; sourceTree = "<group>"; };
		30A3D50E1E64DC0A00A5B125 /* DesignableTextView.swift */ = {isa = PBXFileReference; fileEncoding = 4; lastKnownFileType = sourcecode.swift; path = DesignableTextView.swift; sourceTree = "<group>"; };
		30A3D50F1E64DC0A00A5B125 /* DesignableView.swift */ = {isa = PBXFileReference; fileEncoding = 4; lastKnownFileType = sourcecode.swift; path = DesignableView.swift; sourceTree = "<group>"; };
		30A3D5101E64DC0A00A5B125 /* ImageLoader.swift */ = {isa = PBXFileReference; fileEncoding = 4; lastKnownFileType = sourcecode.swift; path = ImageLoader.swift; sourceTree = "<group>"; };
		30A3D5111E64DC0A00A5B125 /* Info.plist */ = {isa = PBXFileReference; fileEncoding = 4; lastKnownFileType = text.plist.xml; path = Info.plist; sourceTree = "<group>"; };
		30A3D5121E64DC0A00A5B125 /* KeyboardLayoutConstraint.swift */ = {isa = PBXFileReference; fileEncoding = 4; lastKnownFileType = sourcecode.swift; path = KeyboardLayoutConstraint.swift; sourceTree = "<group>"; };
		30A3D5131E64DC0A00A5B125 /* LoadingView.swift */ = {isa = PBXFileReference; fileEncoding = 4; lastKnownFileType = sourcecode.swift; path = LoadingView.swift; sourceTree = "<group>"; };
		30A3D5141E64DC0A00A5B125 /* LoadingView.xib */ = {isa = PBXFileReference; fileEncoding = 4; lastKnownFileType = file.xib; path = LoadingView.xib; sourceTree = "<group>"; };
		30A3D5151E64DC0A00A5B125 /* Misc.swift */ = {isa = PBXFileReference; fileEncoding = 4; lastKnownFileType = sourcecode.swift; path = Misc.swift; sourceTree = "<group>"; };
		30A3D5161E64DC0A00A5B125 /* SoundPlayer.swift */ = {isa = PBXFileReference; fileEncoding = 4; lastKnownFileType = sourcecode.swift; path = SoundPlayer.swift; sourceTree = "<group>"; };
		30A3D5171E64DC0A00A5B125 /* Spring.h */ = {isa = PBXFileReference; fileEncoding = 4; lastKnownFileType = sourcecode.c.h; path = Spring.h; sourceTree = "<group>"; };
		30A3D5181E64DC0A00A5B125 /* Spring.swift */ = {isa = PBXFileReference; fileEncoding = 4; lastKnownFileType = sourcecode.swift; path = Spring.swift; sourceTree = "<group>"; };
		30A3D5191E64DC0A00A5B125 /* SpringAnimation.swift */ = {isa = PBXFileReference; fileEncoding = 4; lastKnownFileType = sourcecode.swift; path = SpringAnimation.swift; sourceTree = "<group>"; };
		30A3D51A1E64DC0A00A5B125 /* SpringButton.swift */ = {isa = PBXFileReference; fileEncoding = 4; lastKnownFileType = sourcecode.swift; path = SpringButton.swift; sourceTree = "<group>"; };
		30A3D51B1E64DC0A00A5B125 /* SpringImageView.swift */ = {isa = PBXFileReference; fileEncoding = 4; lastKnownFileType = sourcecode.swift; path = SpringImageView.swift; sourceTree = "<group>"; };
		30A3D51C1E64DC0A00A5B125 /* SpringLabel.swift */ = {isa = PBXFileReference; fileEncoding = 4; lastKnownFileType = sourcecode.swift; path = SpringLabel.swift; sourceTree = "<group>"; };
		30A3D51D1E64DC0A00A5B125 /* SpringTextField.swift */ = {isa = PBXFileReference; fileEncoding = 4; lastKnownFileType = sourcecode.swift; path = SpringTextField.swift; sourceTree = "<group>"; };
		30A3D51E1E64DC0A00A5B125 /* SpringTextView.swift */ = {isa = PBXFileReference; fileEncoding = 4; lastKnownFileType = sourcecode.swift; path = SpringTextView.swift; sourceTree = "<group>"; };
		30A3D51F1E64DC0A00A5B125 /* SpringView.swift */ = {isa = PBXFileReference; fileEncoding = 4; lastKnownFileType = sourcecode.swift; path = SpringView.swift; sourceTree = "<group>"; };
		30A3D5201E64DC0A00A5B125 /* TransitionManager.swift */ = {isa = PBXFileReference; fileEncoding = 4; lastKnownFileType = sourcecode.swift; path = TransitionManager.swift; sourceTree = "<group>"; };
		30A3D5211E64DC0A00A5B125 /* TransitionZoom.swift */ = {isa = PBXFileReference; fileEncoding = 4; lastKnownFileType = sourcecode.swift; path = TransitionZoom.swift; sourceTree = "<group>"; };
		30A3D5221E64DC0A00A5B125 /* UnwindSegue.swift */ = {isa = PBXFileReference; fileEncoding = 4; lastKnownFileType = sourcecode.swift; path = UnwindSegue.swift; sourceTree = "<group>"; };
		30A3D5411E64DE3F00A5B125 /* HVD Fonts - BrandonText-Bold.otf */ = {isa = PBXFileReference; lastKnownFileType = file; path = "HVD Fonts - BrandonText-Bold.otf"; sourceTree = "<group>"; };
		30A3D5421E64DE3F00A5B125 /* HVD Fonts - BrandonText-Light.otf */ = {isa = PBXFileReference; lastKnownFileType = file; path = "HVD Fonts - BrandonText-Light.otf"; sourceTree = "<group>"; };
		30A3D5431E64DE3F00A5B125 /* HVD Fonts - BrandonText-LightItalic.otf */ = {isa = PBXFileReference; lastKnownFileType = file; path = "HVD Fonts - BrandonText-LightItalic.otf"; sourceTree = "<group>"; };
		30A3D5441E64DE3F00A5B125 /* HVD Fonts - BrandonText-Medium.otf */ = {isa = PBXFileReference; lastKnownFileType = file; path = "HVD Fonts - BrandonText-Medium.otf"; sourceTree = "<group>"; };
		30A3D5451E64DE3F00A5B125 /* HVD Fonts - BrandonText-Regular.otf */ = {isa = PBXFileReference; lastKnownFileType = file; path = "HVD Fonts - BrandonText-Regular.otf"; sourceTree = "<group>"; };
		30A784841E53BA9300DDA6BE /* 01_onboarding_test_screen01.png */ = {isa = PBXFileReference; lastKnownFileType = image.png; name = 01_onboarding_test_screen01.png; path = my_hundy_test/images/01_onboarding_test_screen01.png; sourceTree = "<group>"; };
		30A784871E53BD5900DDA6BE /* onboarding_icon_01@2x.png */ = {isa = PBXFileReference; lastKnownFileType = image.png; name = "onboarding_icon_01@2x.png"; path = "../../Hundy/03_Onboarding/icon styles/2017_0202_large_onboarding_icons/onboarding_icon_01@2x.png"; sourceTree = "<group>"; };
/* End PBXFileReference section */

/* Begin PBXFrameworksBuildPhase section */
		306F5F991E53AAC000B880A1 /* Frameworks */ = {
			isa = PBXFrameworksBuildPhase;
			buildActionMask = 2147483647;
			files = (
			);
			runOnlyForDeploymentPostprocessing = 0;
		};
/* End PBXFrameworksBuildPhase section */

/* Begin PBXGroup section */
		306F5F931E53AAC000B880A1 = {
			isa = PBXGroup;
			children = (
				306F5FA31E53AAC000B880A1 /* Main.storyboard */,
				30A784891E53BD7C00DDA6BE /* icons */,
				30A784861E53BA9A00DDA6BE /* images */,
				306F5F9E1E53AAC000B880A1 /* my_hundy_test */,
				306F5F9D1E53AAC000B880A1 /* Products */,
				30A3D5401E64DE3F00A5B125 /* fonts */,
			);
			sourceTree = "<group>";
		};
		306F5F9D1E53AAC000B880A1 /* Products */ = {
			isa = PBXGroup;
			children = (
				306F5F9C1E53AAC000B880A1 /* my_hundy_test.app */,
			);
			name = Products;
			sourceTree = "<group>";
		};
		306F5F9E1E53AAC000B880A1 /* my_hundy_test */ = {
			isa = PBXGroup;
			children = (
				30A3D5041E64DC0A00A5B125 /* Spring */,
				306F5F9F1E53AAC000B880A1 /* AppDelegate.swift */,
				306F5FA11E53AAC000B880A1 /* ViewController.swift */,
				306F5FA91E53AAC000B880A1 /* Assets.xcassets */,
				306F5FAB1E53AAC000B880A1 /* LaunchScreen.storyboard */,
				306F5FAE1E53AAC000B880A1 /* Info.plist */,
				306F5FA61E53AAC000B880A1 /* my_hundy_test.xcdatamodeld */,
			);
			path = my_hundy_test;
			sourceTree = "<group>";
		};
		30A3D5041E64DC0A00A5B125 /* Spring */ = {
			isa = PBXGroup;
			children = (
				30A3D5051E64DC0A00A5B125 /* AsyncButton.swift */,
				30A3D5061E64DC0A00A5B125 /* AsyncImageView.swift */,
				30A3D5071E64DC0A00A5B125 /* AutoTextView.swift */,
				30A3D5081E64DC0A00A5B125 /* BlurView.swift */,
				30A3D5091E64DC0A00A5B125 /* DesignableButton.swift */,
				30A3D50A1E64DC0A00A5B125 /* DesignableImageView.swift */,
				30A3D50B1E64DC0A00A5B125 /* DesignableLabel.swift */,
				30A3D50C1E64DC0A00A5B125 /* DesignableTabBarController.swift */,
				30A3D50D1E64DC0A00A5B125 /* DesignableTextField.swift */,
				30A3D50E1E64DC0A00A5B125 /* DesignableTextView.swift */,
				30A3D50F1E64DC0A00A5B125 /* DesignableView.swift */,
				30A3D5101E64DC0A00A5B125 /* ImageLoader.swift */,
				30A3D5111E64DC0A00A5B125 /* Info.plist */,
				30A3D5121E64DC0A00A5B125 /* KeyboardLayoutConstraint.swift */,
				30A3D5131E64DC0A00A5B125 /* LoadingView.swift */,
				30A3D5141E64DC0A00A5B125 /* LoadingView.xib */,
				30A3D5151E64DC0A00A5B125 /* Misc.swift */,
				30A3D5161E64DC0A00A5B125 /* SoundPlayer.swift */,
				30A3D5171E64DC0A00A5B125 /* Spring.h */,
				30A3D5181E64DC0A00A5B125 /* Spring.swift */,
				30A3D5191E64DC0A00A5B125 /* SpringAnimation.swift */,
				30A3D51A1E64DC0A00A5B125 /* SpringButton.swift */,
				30A3D51B1E64DC0A00A5B125 /* SpringImageView.swift */,
				30A3D51C1E64DC0A00A5B125 /* SpringLabel.swift */,
				30A3D51D1E64DC0A00A5B125 /* SpringTextField.swift */,
				30A3D51E1E64DC0A00A5B125 /* SpringTextView.swift */,
				30A3D51F1E64DC0A00A5B125 /* SpringView.swift */,
				30A3D5201E64DC0A00A5B125 /* TransitionManager.swift */,
				30A3D5211E64DC0A00A5B125 /* TransitionZoom.swift */,
				30A3D5221E64DC0A00A5B125 /* UnwindSegue.swift */,
			);
			path = Spring;
			sourceTree = "<group>";
		};
		30A3D5401E64DE3F00A5B125 /* fonts */ = {
			isa = PBXGroup;
			children = (
				30A3D5411E64DE3F00A5B125 /* HVD Fonts - BrandonText-Bold.otf */,
				30A3D5421E64DE3F00A5B125 /* HVD Fonts - BrandonText-Light.otf */,
				30A3D5431E64DE3F00A5B125 /* HVD Fonts - BrandonText-LightItalic.otf */,
				30A3D5441E64DE3F00A5B125 /* HVD Fonts - BrandonText-Medium.otf */,
				30A3D5451E64DE3F00A5B125 /* HVD Fonts - BrandonText-Regular.otf */,
			);
			name = fonts;
			path = my_hundy_test/fonts;
			sourceTree = "<group>";
		};
		30A784861E53BA9A00DDA6BE /* images */ = {
			isa = PBXGroup;
			children = (
				30A784841E53BA9300DDA6BE /* 01_onboarding_test_screen01.png */,
			);
			name = images;
			sourceTree = "<group>";
		};
		30A784891E53BD7C00DDA6BE /* icons */ = {
			isa = PBXGroup;
			children = (
				30A784871E53BD5900DDA6BE /* onboarding_icon_01@2x.png */,
			);
			name = icons;
			path = my_hundy_test;
			sourceTree = "<group>";
		};
/* End PBXGroup section */

/* Begin PBXNativeTarget section */
		306F5F9B1E53AAC000B880A1 /* my_hundy_test */ = {
			isa = PBXNativeTarget;
			buildConfigurationList = 306F5FB11E53AAC000B880A1 /* Build configuration list for PBXNativeTarget "my_hundy_test" */;
			buildPhases = (
				306F5F981E53AAC000B880A1 /* Sources */,
				306F5F991E53AAC000B880A1 /* Frameworks */,
				306F5F9A1E53AAC000B880A1 /* Resources */,
			);
			buildRules = (
			);
			dependencies = (
			);
			name = my_hundy_test;
			productName = my_hundy_test;
			productReference = 306F5F9C1E53AAC000B880A1 /* my_hundy_test.app */;
			productType = "com.apple.product-type.application";
		};
/* End PBXNativeTarget section */

/* Begin PBXProject section */
		306F5F941E53AAC000B880A1 /* Project object */ = {
			isa = PBXProject;
			attributes = {
				LastSwiftUpdateCheck = 0820;
				LastUpgradeCheck = 0820;
				ORGANIZATIONNAME = "Auto Layout";
				TargetAttributes = {
					306F5F9B1E53AAC000B880A1 = {
						CreatedOnToolsVersion = 8.2.1;
						ProvisioningStyle = Automatic;
					};
				};
			};
			buildConfigurationList = 306F5F971E53AAC000B880A1 /* Build configuration list for PBXProject "my_hundy_test" */;
			compatibilityVersion = "Xcode 3.2";
			developmentRegion = English;
			hasScannedForEncodings = 0;
			knownRegions = (
				en,
				Base,
			);
			mainGroup = 306F5F931E53AAC000B880A1;
			productRefGroup = 306F5F9D1E53AAC000B880A1 /* Products */;
			projectDirPath = "";
			projectRoot = "";
			targets = (
				306F5F9B1E53AAC000B880A1 /* my_hundy_test */,
			);
		};
/* End PBXProject section */

/* Begin PBXResourcesBuildPhase section */
		306F5F9A1E53AAC000B880A1 /* Resources */ = {
			isa = PBXResourcesBuildPhase;
			buildActionMask = 2147483647;
			files = (
				306F5FAD1E53AAC000B880A1 /* LaunchScreen.storyboard in Resources */,
				306F5FAA1E53AAC000B880A1 /* Assets.xcassets in Resources */,
				306F5FA51E53AAC000B880A1 /* Main.storyboard in Resources */,
				30A3D54A1E64DE3F00A5B125 /* HVD Fonts - BrandonText-Regular.otf in Resources */,
				30A784851E53BA9300DDA6BE /* 01_onboarding_test_screen01.png in Resources */,
				30A784881E53BD5900DDA6BE /* onboarding_icon_01@2x.png in Resources */,
				30A3D5481E64DE3F00A5B125 /* HVD Fonts - BrandonText-LightItalic.otf in Resources */,
				30A3D5321E64DC0A00A5B125 /* LoadingView.xib in Resources */,
				30A3D5461E64DE3F00A5B125 /* HVD Fonts - BrandonText-Bold.otf in Resources */,
				30A3D52F1E64DC0A00A5B125 /* Info.plist in Resources */,
				30A3D5471E64DE3F00A5B125 /* HVD Fonts - BrandonText-Light.otf in Resources */,
				30A3D5491E64DE3F00A5B125 /* HVD Fonts - BrandonText-Medium.otf in Resources */,
			);
			runOnlyForDeploymentPostprocessing = 0;
		};
/* End PBXResourcesBuildPhase section */

/* Begin PBXSourcesBuildPhase section */
		306F5F981E53AAC000B880A1 /* Sources */ = {
			isa = PBXSourcesBuildPhase;
			buildActionMask = 2147483647;
			files = (
				30A3D52A1E64DC0A00A5B125 /* DesignableTabBarController.swift in Sources */,
				30A3D5361E64DC0A00A5B125 /* SpringAnimation.swift in Sources */,
				30A3D5331E64DC0A00A5B125 /* Misc.swift in Sources */,
				306F5FA81E53AAC000B880A1 /* my_hundy_test.xcdatamodeld in Sources */,
				30A3D5241E64DC0A00A5B125 /* AsyncImageView.swift in Sources */,
				30A3D5351E64DC0A00A5B125 /* Spring.swift in Sources */,
				30A3D52E1E64DC0A00A5B125 /* ImageLoader.swift in Sources */,
				30A3D5291E64DC0A00A5B125 /* DesignableLabel.swift in Sources */,
				30A3D53B1E64DC0A00A5B125 /* SpringTextView.swift in Sources */,
				30A3D5261E64DC0A00A5B125 /* BlurView.swift in Sources */,
				30A3D53D1E64DC0A00A5B125 /* TransitionManager.swift in Sources */,
				30A3D5391E64DC0A00A5B125 /* SpringLabel.swift in Sources */,
				30A3D52C1E64DC0A00A5B125 /* DesignableTextView.swift in Sources */,
				30A3D5281E64DC0A00A5B125 /* DesignableImageView.swift in Sources */,
				306F5FA21E53AAC000B880A1 /* ViewController.swift in Sources */,
				30A3D5301E64DC0A00A5B125 /* KeyboardLayoutConstraint.swift in Sources */,
				30A3D5311E64DC0A00A5B125 /* LoadingView.swift in Sources */,
				30A3D52D1E64DC0A00A5B125 /* DesignableView.swift in Sources */,
				30A3D52B1E64DC0A00A5B125 /* DesignableTextField.swift in Sources */,
				30A3D5231E64DC0A00A5B125 /* AsyncButton.swift in Sources */,
				30A3D53A1E64DC0A00A5B125 /* SpringTextField.swift in Sources */,
				30A3D5271E64DC0A00A5B125 /* DesignableButton.swift in Sources */,
				30A3D5341E64DC0A00A5B125 /* SoundPlayer.swift in Sources */,
				30A3D53F1E64DC0A00A5B125 /* UnwindSegue.swift in Sources */,
				30A3D5371E64DC0A00A5B125 /* SpringButton.swift in Sources */,
				30A3D53C1E64DC0A00A5B125 /* SpringView.swift in Sources */,
				30A3D5251E64DC0A00A5B125 /* AutoTextView.swift in Sources */,
				30A3D5381E64DC0A00A5B125 /* SpringImageView.swift in Sources */,
				306F5FA01E53AAC000B880A1 /* AppDelegate.swift in Sources */,
				30A3D53E1E64DC0A00A5B125 /* TransitionZoom.swift in Sources */,
			);
			runOnlyForDeploymentPostprocessing = 0;
		};
/* End PBXSourcesBuildPhase section */

/* Begin PBXVariantGroup section */
		306F5FA31E53AAC000B880A1 /* Main.storyboard */ = {
			isa = PBXVariantGroup;
			children = (
				306F5FA41E53AAC000B880A1 /* Base */,
			);
			name = Main.storyboard;
			path = my_hundy_test;
			sourceTree = "<group>";
		};
		306F5FAB1E53AAC000B880A1 /* LaunchScreen.storyboard */ = {
			isa = PBXVariantGroup;
			children = (
				306F5FAC1E53AAC000B880A1 /* Base */,
			);
			name = LaunchScreen.storyboard;
			sourceTree = "<group>";
		};
/* End PBXVariantGroup section */

/* Begin XCBuildConfiguration section */
		306F5FAF1E53AAC000B880A1 /* Debug */ = {
			isa = XCBuildConfiguration;
			buildSettings = {
				ALWAYS_SEARCH_USER_PATHS = NO;
				CLANG_ANALYZER_NONNULL = YES;
				CLANG_CXX_LANGUAGE_STANDARD = "gnu++0x";
				CLANG_CXX_LIBRARY = "libc++";
				CLANG_ENABLE_MODULES = YES;
				CLANG_ENABLE_OBJC_ARC = YES;
				CLANG_WARN_BOOL_CONVERSION = YES;
				CLANG_WARN_CONSTANT_CONVERSION = YES;
				CLANG_WARN_DIRECT_OBJC_ISA_USAGE = YES_ERROR;
				CLANG_WARN_DOCUMENTATION_COMMENTS = YES;
				CLANG_WARN_EMPTY_BODY = YES;
				CLANG_WARN_ENUM_CONVERSION = YES;
				CLANG_WARN_INFINITE_RECURSION = YES;
				CLANG_WARN_INT_CONVERSION = YES;
				CLANG_WARN_OBJC_ROOT_CLASS = YES_ERROR;
				CLANG_WARN_SUSPICIOUS_MOVE = YES;
				CLANG_WARN_UNREACHABLE_CODE = YES;
				CLANG_WARN__DUPLICATE_METHOD_MATCH = YES;
				"CODE_SIGN_IDENTITY[sdk=iphoneos*]" = "iPhone Developer";
				COPY_PHASE_STRIP = NO;
				DEBUG_INFORMATION_FORMAT = dwarf;
				ENABLE_STRICT_OBJC_MSGSEND = YES;
				ENABLE_TESTABILITY = YES;
				GCC_C_LANGUAGE_STANDARD = gnu99;
				GCC_DYNAMIC_NO_PIC = NO;
				GCC_NO_COMMON_BLOCKS = YES;
				GCC_OPTIMIZATION_LEVEL = 0;
				GCC_PREPROCESSOR_DEFINITIONS = (
					"DEBUG=1",
					"$(inherited)",
				);
				GCC_WARN_64_TO_32_BIT_CONVERSION = YES;
				GCC_WARN_ABOUT_RETURN_TYPE = YES_ERROR;
				GCC_WARN_UNDECLARED_SELECTOR = YES;
				GCC_WARN_UNINITIALIZED_AUTOS = YES_AGGRESSIVE;
				GCC_WARN_UNUSED_FUNCTION = YES;
				GCC_WARN_UNUSED_VARIABLE = YES;
				IPHONEOS_DEPLOYMENT_TARGET = 10.2;
				MTL_ENABLE_DEBUG_INFO = YES;
				ONLY_ACTIVE_ARCH = YES;
				SDKROOT = iphoneos;
				SWIFT_ACTIVE_COMPILATION_CONDITIONS = DEBUG;
				SWIFT_OPTIMIZATION_LEVEL = "-Onone";
			};
			name = Debug;
		};
		306F5FB01E53AAC000B880A1 /* Release */ = {
			isa = XCBuildConfiguration;
			buildSettings = {
				ALWAYS_SEARCH_USER_PATHS = NO;
				CLANG_ANALYZER_NONNULL = YES;
				CLANG_CXX_LANGUAGE_STANDARD = "gnu++0x";
				CLANG_CXX_LIBRARY = "libc++";
				CLANG_ENABLE_MODULES = YES;
				CLANG_ENABLE_OBJC_ARC = YES;
				CLANG_WARN_BOOL_CONVERSION = YES;
				CLANG_WARN_CONSTANT_CONVERSION = YES;
				CLANG_WARN_DIRECT_OBJC_ISA_USAGE = YES_ERROR;
				CLANG_WARN_DOCUMENTATION_COMMENTS = YES;
				CLANG_WARN_EMPTY_BODY = YES;
				CLANG_WARN_ENUM_CONVERSION = YES;
				CLANG_WARN_INFINITE_RECURSION = YES;
				CLANG_WARN_INT_CONVERSION = YES;
				CLANG_WARN_OBJC_ROOT_CLASS = YES_ERROR;
				CLANG_WARN_SUSPICIOUS_MOVE = YES;
				CLANG_WARN_UNREACHABLE_CODE = YES;
				CLANG_WARN__DUPLICATE_METHOD_MATCH = YES;
				"CODE_SIGN_IDENTITY[sdk=iphoneos*]" = "iPhone Developer";
				COPY_PHASE_STRIP = NO;
				DEBUG_INFORMATION_FORMAT = "dwarf-with-dsym";
				ENABLE_NS_ASSERTIONS = NO;
				ENABLE_STRICT_OBJC_MSGSEND = YES;
				GCC_C_LANGUAGE_STANDARD = gnu99;
				GCC_NO_COMMON_BLOCKS = YES;
				GCC_WARN_64_TO_32_BIT_CONVERSION = YES;
				GCC_WARN_ABOUT_RETURN_TYPE = YES_ERROR;
				GCC_WARN_UNDECLARED_SELECTOR = YES;
				GCC_WARN_UNINITIALIZED_AUTOS = YES_AGGRESSIVE;
				GCC_WARN_UNUSED_FUNCTION = YES;
				GCC_WARN_UNUSED_VARIABLE = YES;
				IPHONEOS_DEPLOYMENT_TARGET = 10.2;
				MTL_ENABLE_DEBUG_INFO = NO;
				SDKROOT = iphoneos;
				SWIFT_OPTIMIZATION_LEVEL = "-Owholemodule";
				VALIDATE_PRODUCT = YES;
			};
			name = Release;
		};
		306F5FB21E53AAC000B880A1 /* Debug */ = {
			isa = XCBuildConfiguration;
			buildSettings = {
				ASSETCATALOG_COMPILER_APPICON_NAME = AppIcon;
				INFOPLIST_FILE = my_hundy_test/Info.plist;
				LD_RUNPATH_SEARCH_PATHS = "$(inherited) @executable_path/Frameworks";
				PRODUCT_BUNDLE_IDENTIFIER = "udemy.my-hundy-test";
				PRODUCT_NAME = "$(TARGET_NAME)";
				SWIFT_VERSION = 3.0;
			};
			name = Debug;
		};
		306F5FB31E53AAC000B880A1 /* Release */ = {
			isa = XCBuildConfiguration;
			buildSettings = {
				ASSETCATALOG_COMPILER_APPICON_NAME = AppIcon;
				INFOPLIST_FILE = my_hundy_test/Info.plist;
				LD_RUNPATH_SEARCH_PATHS = "$(inherited) @executable_path/Frameworks";
				PRODUCT_BUNDLE_IDENTIFIER = "udemy.my-hundy-test";
				PRODUCT_NAME = "$(TARGET_NAME)";
				SWIFT_VERSION = 3.0;
			};
			name = Release;
		};
/* End XCBuildConfiguration section */

/* Begin XCConfigurationList section */
		306F5F971E53AAC000B880A1 /* Build configuration list for PBXProject "my_hundy_test" */ = {
			isa = XCConfigurationList;
			buildConfigurations = (
				306F5FAF1E53AAC000B880A1 /* Debug */,
				306F5FB01E53AAC000B880A1 /* Release */,
			);
			defaultConfigurationIsVisible = 0;
			defaultConfigurationName = Release;
		};
		306F5FB11E53AAC000B880A1 /* Build configuration list for PBXNativeTarget "my_hundy_test" */ = {
			isa = XCConfigurationList;
			buildConfigurations = (
				306F5FB21E53AAC000B880A1 /* Debug */,
				306F5FB31E53AAC000B880A1 /* Release */,
			);
			defaultConfigurationIsVisible = 0;
			defaultConfigurationName = Release;
		};
/* End XCConfigurationList section */

/* Begin XCVersionGroup section */
		306F5FA61E53AAC000B880A1 /* my_hundy_test.xcdatamodeld */ = {
			isa = XCVersionGroup;
			children = (
				306F5FA71E53AAC000B880A1 /* my_hundy_test.xcdatamodel */,
			);
			currentVersion = 306F5FA71E53AAC000B880A1 /* my_hundy_test.xcdatamodel */;
			path = my_hundy_test.xcdatamodeld;
			sourceTree = "<group>";
			versionGroupType = wrapper.xcdatamodel;
		};
/* End XCVersionGroup section */
	};
	rootObject = 306F5F941E53AAC000B880A1 /* Project object */;
}
